
Microsoft Visual Studio Solution File, Format Version 12.00
# Visual Studio 15
VisualStudioVersion = 15.0.27130.2036
MinimumVisualStudioVersion = 10.0.40219.1
Project("{9A19103F-16F7-4668-BE54-9A1E7A4F7556}") = "RealWorld", "RealWorld\RealWorld.csproj", "{806879CB-910B-4972-8D41-457F8013A04C}"
EndProject
Project("{FAE04EC0-301F-11D3-BF4B-00C04F79EFBC}") = "RealWorld.IntegrationTests", "RealWorld.IntegrationTests\RealWorld.IntegrationTests.csproj", "{18F5CF13-ECBD-4788-AB14-E226EA6F02A2}"
EndProject
Global
	GlobalSection(SolutionConfigurationPlatforms) = preSolution
		Debug|Any CPU = Debug|Any CPU
		Release|Any CPU = Release|Any CPU
	EndGlobalSection
	GlobalSection(ProjectConfigurationPlatforms) = postSolution
		{806879CB-910B-4972-8D41-457F8013A04C}.Debug|Any CPU.ActiveCfg = Debug|Any CPU
		{806879CB-910B-4972-8D41-457F8013A04C}.Debug|Any CPU.Build.0 = Debug|Any CPU
		{806879CB-910B-4972-8D41-457F8013A04C}.Release|Any CPU.ActiveCfg = Release|Any CPU
		{806879CB-910B-4972-8D41-457F8013A04C}.Release|Any CPU.Build.0 = Release|Any CPU
		{18F5CF13-ECBD-4788-AB14-E226EA6F02A2}.Debug|Any CPU.ActiveCfg = Debug|Any CPU
		{18F5CF13-ECBD-4788-AB14-E226EA6F02A2}.Debug|Any CPU.Build.0 = Debug|Any CPU
		{18F5CF13-ECBD-4788-AB14-E226EA6F02A2}.Release|Any CPU.ActiveCfg = Release|Any CPU
		{18F5CF13-ECBD-4788-AB14-E226EA6F02A2}.Release|Any CPU.Build.0 = Release|Any CPU
	EndGlobalSection
	GlobalSection(SolutionProperties) = preSolution
		HideSolutionNode = FALSE
	EndGlobalSection
	GlobalSection(ExtensibilityGlobals) = postSolution
		SolutionGuid = {026FE369-3DC9-4BFE-BCA6-FB1297E5B165}
	EndGlobalSection
EndGlobal
